{
    "_readme": [
        "This file locks the dependencies of your project to a known state",
        "Read more about it at https://getcomposer.org/doc/01-basic-usage.md#composer-lock-the-lock-file",
        "This file is @generated automatically"
    ],
    "content-hash": "744fb2d7718b59aa1a8c052e8d3b9ce2",
    "packages": [
        {
            "name": "homework/function",
            "version": "1.0.0",
            "source": {
                "type": "git",
                "url": "https://github.com/easywebdev/PHP_ITEA_P3_Composer.git",
                "reference": "master"
            },
            "type": "library",
            "autoload": {
                "files": [
                    "index.php"
                ]
            }
        },
        {
            "name": "homework/pacegist",
            "version": "dev-master",
            "source": {
                "type": "git",
                "url": "https://github.com/easywebdev/PHP_ITEA_P1_Composer.git",
                "reference": "85f0eaaaf44a642e255de9a569b5ae707c20936f"
            },
            "dist": {
                "type": "zip",
                "url": "https://api.github.com/repos/easywebdev/PHP_ITEA_P1_Composer/zipball/85f0eaaaf44a642e255de9a569b5ae707c20936f",
                "reference": "85f0eaaaf44a642e255de9a569b5ae707c20936f",
                "shasum": ""
            },
            "require": {
                "php": ">=7.0.0"
            },
            "type": "library",
            "autoload": {
                "psr-0": {
                    "app": ""
                }
            },
            "notification-url": "https://packagist.org/downloads/",
            "time": "2018-08-10T15:41:05+00:00"
        },
        {
            "name": "homework/psr4",
            "version": "dev-master",
            "source": {
                "type": "git",
                "url": "https://github.com/easywebdev/PHP_ITEA_P2_Composer.git",
                "reference": "30a0a2813311946977e6c5b7d666aeac37e89d7e"
            },
            "require": {
                "php": ">=7.0.0"
            },
            "type": "library",
            "autoload": {
                "psr-0": {
                    "app": ""
                }
            },
            "time": "2018-08-10T15:43:15+00:00"
        }
    ],
    "packages-dev": [],
    "aliases": [],
    "minimum-stability": "stable",
    "stability-flags": {
        "homework/pacegist": 20,
        "homework/psr4": 20
    },
    "prefer-stable": false,
    "prefer-lowest": false,
    "platform": {
        "php": ">=7.0.0"
    },
    "platform-dev": []
}
